
Microsoft Visual Studio Solution File, Format Version 12.00
# Visual Studio Version 17
VisualStudioVersion = 17.2.32408.312
MinimumVisualStudioVersion = 10.0.40219.1
Project("{9A19103F-16F7-4668-BE54-9A1E7A4F7556}") = "DreamfallChaptersUIFix", "DreamfallChaptersUIFix.csproj", "{4D7CCD11-EB36-4432-95BB-E5FDDC80370D}"
EndProject
Global
	GlobalSection(SolutionConfigurationPlatforms) = preSolution
		Debug|Any CPU = Debug|Any CPU
		Release|Any CPU = Release|Any CPU
	EndGlobalSection
	GlobalSection(ProjectConfigurationPlatforms) = postSolution
		{4D7CCD11-EB36-4432-95BB-E5FDDC80370D}.Debug|Any CPU.ActiveCfg = Debug|Any CPU
		{4D7CCD11-EB36-4432-95BB-E5FDDC80370D}.Debug|Any CPU.Build.0 = Debug|Any CPU
		{4D7CCD11-EB36-4432-95BB-E5FDDC80370D}.Release|Any CPU.ActiveCfg = Release|Any CPU
		{4D7CCD11-EB36-4432-95BB-E5FDDC80370D}.Release|Any CPU.Build.0 = Release|Any CPU
	EndGlobalSection
	GlobalSection(SolutionProperties) = preSolution
		HideSolutionNode = FALSE
	EndGlobalSection
	GlobalSection(ExtensibilityGlobals) = postSolution
		SolutionGuid = {E40F6BC3-2AA6-4571-9607-9D4B52752806}
	EndGlobalSection
EndGlobal
